
Microsoft Visual Studio Solution File, Format Version 12.00
# Visual Studio Version 17
VisualStudioVersion = 17.9.34728.123
MinimumVisualStudioVersion = 10.0.40219.1
Project("{FAE04EC0-301F-11D3-BF4B-00C04F79EFBC}") = "CSCompiler", "CSCompiler\CSCompiler.csproj", "{7EB5F601-DB92-46D8-8D93-37E641D93051}"
EndProject
Global
	GlobalSection(SolutionConfigurationPlatforms) = preSolution
		Debug|Any CPU = Debug|Any CPU
		Release|Any CPU = Release|Any CPU
	EndGlobalSection
	GlobalSection(ProjectConfigurationPlatforms) = postSolution
		{7EB5F601-DB92-46D8-8D93-37E641D93051}.Debug|Any CPU.ActiveCfg = Debug|Any CPU
		{7EB5F601-DB92-46D8-8D93-37E641D93051}.Debug|Any CPU.Build.0 = Debug|Any CPU
		{7EB5F601-DB92-46D8-8D93-37E641D93051}.Release|Any CPU.ActiveCfg = Release|Any CPU
		{7EB5F601-DB92-46D8-8D93-37E641D93051}.Release|Any CPU.Build.0 = Release|Any CPU
	EndGlobalSection
	GlobalSection(SolutionProperties) = preSolution
		HideSolutionNode = FALSE
	EndGlobalSection
	GlobalSection(ExtensibilityGlobals) = postSolution
		SolutionGuid = {DD3BB9BE-D7BD-4858-B653-A76C6D3FDA4F}
	EndGlobalSection
EndGlobal
